
Microsoft Visual Studio Solution File, Format Version 12.00
# Visual Studio Version 17
VisualStudioVersion = 17.1.32328.378
MinimumVisualStudioVersion = 10.0.40219.1
Project("{9A19103F-16F7-4668-BE54-9A1E7A4F7556}") = "WebChungKhoan3.0", "WebChungKhoan3.0.csproj", "{3C3BEB4B-3215-485F-A8A4-F7B09C363384}"
EndProject
Global
	GlobalSection(SolutionConfigurationPlatforms) = preSolution
		Debug|Any CPU = Debug|Any CPU
		Release|Any CPU = Release|Any CPU
	EndGlobalSection
	GlobalSection(ProjectConfigurationPlatforms) = postSolution
		{3C3BEB4B-3215-485F-A8A4-F7B09C363384}.Debug|Any CPU.ActiveCfg = Debug|Any CPU
		{3C3BEB4B-3215-485F-A8A4-F7B09C363384}.Debug|Any CPU.Build.0 = Debug|Any CPU
		{3C3BEB4B-3215-485F-A8A4-F7B09C363384}.Release|Any CPU.ActiveCfg = Release|Any CPU
		{3C3BEB4B-3215-485F-A8A4-F7B09C363384}.Release|Any CPU.Build.0 = Release|Any CPU
	EndGlobalSection
	GlobalSection(SolutionProperties) = preSolution
		HideSolutionNode = FALSE
	EndGlobalSection
	GlobalSection(ExtensibilityGlobals) = postSolution
		SolutionGuid = {2152C527-4950-4C21-9BD6-66B133AD673D}
	EndGlobalSection
EndGlobal
